// !$*UTF8*$!
{
	archiveVersion = 1;
	classes = {
	};
	objectVersion = 56;
	objects = {

/* Begin PBXBuildFile section */
		B3D580F3F1F9991D708F4A38 /* Pods_CITest.framework in Frameworks */ = {isa = PBXBuildFile; fileRef = 94BD1543BEA4BE383F4FFC48 /* Pods_CITest.framework */; };
		BD32781A28E57AC000FD97AF /* AppDelegate.swift in Sources */ = {isa = PBXBuildFile; fileRef = BD32781928E57AC000FD97AF /* AppDelegate.swift */; };
		BD32781C28E57AC000FD97AF /* SceneDelegate.swift in Sources */ = {isa = PBXBuildFile; fileRef = BD32781B28E57AC000FD97AF /* SceneDelegate.swift */; };
		BD32781E28E57AC000FD97AF /* ViewController.swift in Sources */ = {isa = PBXBuildFile; fileRef = BD32781D28E57AC000FD97AF /* ViewController.swift */; };
		BD32782128E57AC000FD97AF /* Main.storyboard in Resources */ = {isa = PBXBuildFile; fileRef = BD32781F28E57AC000FD97AF /* Main.storyboard */; };
		BD32782328E57AC100FD97AF /* Assets.xcassets in Resources */ = {isa = PBXBuildFile; fileRef = BD32782228E57AC100FD97AF /* Assets.xcassets */; };
		BD32782628E57AC100FD97AF /* LaunchScreen.storyboard in Resources */ = {isa = PBXBuildFile; fileRef = BD32782428E57AC100FD97AF /* LaunchScreen.storyboard */; };
		BD821F4128EEC4AC00E7E0AF /* CITestTests.swift in Sources */ = {isa = PBXBuildFile; fileRef = BD821F4028EEC4AC00E7E0AF /* CITestTests.swift */; };
/* End PBXBuildFile section */

/* Begin PBXContainerItemProxy section */
		BD821F4228EEC4AC00E7E0AF /* PBXContainerItemProxy */ = {
			isa = PBXContainerItemProxy;
			containerPortal = BD32780E28E57AC000FD97AF /* Project object */;
			proxyType = 1;
			remoteGlobalIDString = BD32781528E57AC000FD97AF;
			remoteInfo = CITest;
		};
/* End PBXContainerItemProxy section */

/* Begin PBXFileReference section */
		6D2D9F5B8DE458C99C2903C7 /* Pods-CITest.release.xcconfig */ = {isa = PBXFileReference; includeInIndex = 1; lastKnownFileType = text.xcconfig; name = "Pods-CITest.release.xcconfig"; path = "Target Support Files/Pods-CITest/Pods-CITest.release.xcconfig"; sourceTree = "<group>"; };
		94BD1543BEA4BE383F4FFC48 /* Pods_CITest.framework */ = {isa = PBXFileReference; explicitFileType = wrapper.framework; includeInIndex = 0; path = Pods_CITest.framework; sourceTree = BUILT_PRODUCTS_DIR; };
		9DE6678A222429D40ACEDB6B /* Pods-CITest.debug.xcconfig */ = {isa = PBXFileReference; includeInIndex = 1; lastKnownFileType = text.xcconfig; name = "Pods-CITest.debug.xcconfig"; path = "Target Support Files/Pods-CITest/Pods-CITest.debug.xcconfig"; sourceTree = "<group>"; };
		BD32781628E57AC000FD97AF /* CITest.app */ = {isa = PBXFileReference; explicitFileType = wrapper.application; includeInIndex = 0; path = CITest.app; sourceTree = BUILT_PRODUCTS_DIR; };
		BD32781928E57AC000FD97AF /* AppDelegate.swift */ = {isa = PBXFileReference; lastKnownFileType = sourcecode.swift; path = AppDelegate.swift; sourceTree = "<group>"; };
		BD32781B28E57AC000FD97AF /* SceneDelegate.swift */ = {isa = PBXFileReference; lastKnownFileType = sourcecode.swift; path = SceneDelegate.swift; sourceTree = "<group>"; };
		BD32781D28E57AC000FD97AF /* ViewController.swift */ = {isa = PBXFileReference; lastKnownFileType = sourcecode.swift; path = ViewController.swift; sourceTree = "<group>"; };
		BD32782028E57AC000FD97AF /* Base */ = {isa = PBXFileReference; lastKnownFileType = file.storyboard; name = Base; path = Base.lproj/Main.storyboard; sourceTree = "<group>"; };
		BD32782228E57AC100FD97AF /* Assets.xcassets */ = {isa = PBXFileReference; lastKnownFileType = folder.assetcatalog; path = Assets.xcassets; sourceTree = "<group>"; };
		BD32782528E57AC100FD97AF /* Base */ = {isa = PBXFileReference; lastKnownFileType = file.storyboard; name = Base; path = Base.lproj/LaunchScreen.storyboard; sourceTree = "<group>"; };
		BD32782728E57AC100FD97AF /* Info.plist */ = {isa = PBXFileReference; lastKnownFileType = text.plist.xml; path = Info.plist; sourceTree = "<group>"; };
		BD821F3E28EEC4AC00E7E0AF /* CITestTests.xctest */ = {isa = PBXFileReference; explicitFileType = wrapper.cfbundle; includeInIndex = 0; path = CITestTests.xctest; sourceTree = BUILT_PRODUCTS_DIR; };
		BD821F4028EEC4AC00E7E0AF /* CITestTests.swift */ = {isa = PBXFileReference; lastKnownFileType = sourcecode.swift; path = CITestTests.swift; sourceTree = "<group>"; };
/* End PBXFileReference section */

/* Begin PBXFrameworksBuildPhase section */
		BD32781328E57AC000FD97AF /* Frameworks */ = {
			isa = PBXFrameworksBuildPhase;
			buildActionMask = 2147483647;
			files = (
				B3D580F3F1F9991D708F4A38 /* Pods_CITest.framework in Frameworks */,
			);
			runOnlyForDeploymentPostprocessing = 0;
		};
		BD821F3B28EEC4AC00E7E0AF /* Frameworks */ = {
			isa = PBXFrameworksBuildPhase;
			buildActionMask = 2147483647;
			files = (
			);
			runOnlyForDeploymentPostprocessing = 0;
		};
/* End PBXFrameworksBuildPhase section */

/* Begin PBXGroup section */
		41A93BCB811A4414B31D0E43 /* Pods */ = {
			isa = PBXGroup;
			children = (
				9DE6678A222429D40ACEDB6B /* Pods-CITest.debug.xcconfig */,
				6D2D9F5B8DE458C99C2903C7 /* Pods-CITest.release.xcconfig */,
			);
			path = Pods;
			sourceTree = "<group>";
		};
		B41D0FA9955E257F0366239A /* Frameworks */ = {
			isa = PBXGroup;
			children = (
				94BD1543BEA4BE383F4FFC48 /* Pods_CITest.framework */,
			);
			name = Frameworks;
			sourceTree = "<group>";
		};
		BD32780D28E57AC000FD97AF = {
			isa = PBXGroup;
			children = (
				BD32781828E57AC000FD97AF /* CITest */,
				BD821F3F28EEC4AC00E7E0AF /* CITestTests */,
				BD32781728E57AC000FD97AF /* Products */,
				41A93BCB811A4414B31D0E43 /* Pods */,
				B41D0FA9955E257F0366239A /* Frameworks */,
			);
			sourceTree = "<group>";
		};
		BD32781728E57AC000FD97AF /* Products */ = {
			isa = PBXGroup;
			children = (
				BD32781628E57AC000FD97AF /* CITest.app */,
				BD821F3E28EEC4AC00E7E0AF /* CITestTests.xctest */,
			);
			name = Products;
			sourceTree = "<group>";
		};
		BD32781828E57AC000FD97AF /* CITest */ = {
			isa = PBXGroup;
			children = (
				BD32781928E57AC000FD97AF /* AppDelegate.swift */,
				BD32781B28E57AC000FD97AF /* SceneDelegate.swift */,
				BD32781D28E57AC000FD97AF /* ViewController.swift */,
				BD32781F28E57AC000FD97AF /* Main.storyboard */,
				BD32782228E57AC100FD97AF /* Assets.xcassets */,
				BD32782428E57AC100FD97AF /* LaunchScreen.storyboard */,
				BD32782728E57AC100FD97AF /* Info.plist */,
			);
			path = CITest;
			sourceTree = "<group>";
		};
		BD821F3F28EEC4AC00E7E0AF /* CITestTests */ = {
			isa = PBXGroup;
			children = (
				BD821F4028EEC4AC00E7E0AF /* CITestTests.swift */,
			);
			path = CITestTests;
			sourceTree = "<group>";
		};
/* End PBXGroup section */

/* Begin PBXNativeTarget section */
		BD32781528E57AC000FD97AF /* CITest */ = {
			isa = PBXNativeTarget;
			buildConfigurationList = BD32782A28E57AC100FD97AF /* Build configuration list for PBXNativeTarget "CITest" */;
			buildPhases = (
				F6FADE7A63CE8FBD5B5E1E0C /* [CP] Check Pods Manifest.lock */,
				BD32781228E57AC000FD97AF /* Sources */,
				BD32781328E57AC000FD97AF /* Frameworks */,
				BD32781428E57AC000FD97AF /* Resources */,
			);
			buildRules = (
			);
			dependencies = (
			);
			name = CITest;
			productName = CITest;
			productReference = BD32781628E57AC000FD97AF /* CITest.app */;
			productType = "com.apple.product-type.application";
		};
		BD821F3D28EEC4AC00E7E0AF /* CITestTests */ = {
			isa = PBXNativeTarget;
			buildConfigurationList = BD821F4628EEC4AC00E7E0AF /* Build configuration list for PBXNativeTarget "CITestTests" */;
			buildPhases = (
				BD821F3A28EEC4AC00E7E0AF /* Sources */,
				BD821F3B28EEC4AC00E7E0AF /* Frameworks */,
				BD821F3C28EEC4AC00E7E0AF /* Resources */,
			);
			buildRules = (
			);
			dependencies = (
				BD821F4328EEC4AC00E7E0AF /* PBXTargetDependency */,
			);
			name = CITestTests;
			productName = CITestTests;
			productReference = BD821F3E28EEC4AC00E7E0AF /* CITestTests.xctest */;
			productType = "com.apple.product-type.bundle.unit-test";
		};
/* End PBXNativeTarget section */

/* Begin PBXProject section */
		BD32780E28E57AC000FD97AF /* Project object */ = {
			isa = PBXProject;
			attributes = {
				BuildIndependentTargetsInParallel = 1;
				LastSwiftUpdateCheck = 1400;
				LastUpgradeCheck = 1400;
				TargetAttributes = {
					BD32781528E57AC000FD97AF = {
						CreatedOnToolsVersion = 14.0.1;
					};
					BD821F3D28EEC4AC00E7E0AF = {
						CreatedOnToolsVersion = 14.0.1;
						TestTargetID = BD32781528E57AC000FD97AF;
					};
				};
			};
			buildConfigurationList = BD32781128E57AC000FD97AF /* Build configuration list for PBXProject "CITest" */;
			compatibilityVersion = "Xcode 14.0";
			developmentRegion = en;
			hasScannedForEncodings = 0;
			knownRegions = (
				en,
				Base,
			);
			mainGroup = BD32780D28E57AC000FD97AF;
			productRefGroup = BD32781728E57AC000FD97AF /* Products */;
			projectDirPath = "";
			projectRoot = "";
			targets = (
				BD32781528E57AC000FD97AF /* CITest */,
				BD821F3D28EEC4AC00E7E0AF /* CITestTests */,
			);
		};
/* End PBXProject section */

/* Begin PBXResourcesBuildPhase section */
		BD32781428E57AC000FD97AF /* Resources */ = {
			isa = PBXResourcesBuildPhase;
			buildActionMask = 2147483647;
			files = (
				BD32782628E57AC100FD97AF /* LaunchScreen.storyboard in Resources */,
				BD32782328E57AC100FD97AF /* Assets.xcassets in Resources */,
				BD32782128E57AC000FD97AF /* Main.storyboard in Resources */,
			);
			runOnlyForDeploymentPostprocessing = 0;
		};
		BD821F3C28EEC4AC00E7E0AF /* Resources */ = {
			isa = PBXResourcesBuildPhase;
			buildActionMask = 2147483647;
			files = (
			);
			runOnlyForDeploymentPostprocessing = 0;
		};
/* End PBXResourcesBuildPhase section */

/* Begin PBXShellScriptBuildPhase section */
		F6FADE7A63CE8FBD5B5E1E0C /* [CP] Check Pods Manifest.lock */ = {
			isa = PBXShellScriptBuildPhase;
			buildActionMask = 2147483647;
			files = (
			);
			inputFileListPaths = (
			);
			inputPaths = (
				"${PODS_PODFILE_DIR_PATH}/Podfile.lock",
				"${PODS_ROOT}/Manifest.lock",
			);
			name = "[CP] Check Pods Manifest.lock";
			outputFileListPaths = (
			);
			outputPaths = (
				"$(DERIVED_FILE_DIR)/Pods-CITest-checkManifestLockResult.txt",
			);
			runOnlyForDeploymentPostprocessing = 0;
			shellPath = /bin/sh;
			shellScript = "diff \"${PODS_PODFILE_DIR_PATH}/Podfile.lock\" \"${PODS_ROOT}/Manifest.lock\" > /dev/null\nif [ $? != 0 ] ; then\n    # print error to STDERR\n    echo \"error: The sandbox is not in sync with the Podfile.lock. Run 'pod install' or update your CocoaPods installation.\" >&2\n    exit 1\nfi\n# This output is used by Xcode 'outputs' to avoid re-running this script phase.\necho \"SUCCESS\" > \"${SCRIPT_OUTPUT_FILE_0}\"\n";
			showEnvVarsInLog = 0;
		};
/* End PBXShellScriptBuildPhase section */

/* Begin PBXSourcesBuildPhase section */
		BD32781228E57AC000FD97AF /* Sources */ = {
			isa = PBXSourcesBuildPhase;
			buildActionMask = 2147483647;
			files = (
				BD32781E28E57AC000FD97AF /* ViewController.swift in Sources */,
				BD32781A28E57AC000FD97AF /* AppDelegate.swift in Sources */,
				BD32781C28E57AC000FD97AF /* SceneDelegate.swift in Sources */,
			);
			runOnlyForDeploymentPostprocessing = 0;
		};
		BD821F3A28EEC4AC00E7E0AF /* Sources */ = {
			isa = PBXSourcesBuildPhase;
			buildActionMask = 2147483647;
			files = (
				BD821F4128EEC4AC00E7E0AF /* CITestTests.swift in Sources */,
			);
			runOnlyForDeploymentPostprocessing = 0;
		};
/* End PBXSourcesBuildPhase section */

/* Begin PBXTargetDependency section */
		BD821F4328EEC4AC00E7E0AF /* PBXTargetDependency */ = {
			isa = PBXTargetDependency;
			target = BD32781528E57AC000FD97AF /* CITest */;
			targetProxy = BD821F4228EEC4AC00E7E0AF /* PBXContainerItemProxy */;
		};
/* End PBXTargetDependency section */

/* Begin PBXVariantGroup section */
		BD32781F28E57AC000FD97AF /* Main.storyboard */ = {
			isa = PBXVariantGroup;
			children = (
				BD32782028E57AC000FD97AF /* Base */,
			);
			name = Main.storyboard;
			sourceTree = "<group>";
		};
		BD32782428E57AC100FD97AF /* LaunchScreen.storyboard */ = {
			isa = PBXVariantGroup;
			children = (
				BD32782528E57AC100FD97AF /* Base */,
			);
			name = LaunchScreen.storyboard;
			sourceTree = "<group>";
		};
/* End PBXVariantGroup section */

/* Begin XCBuildConfiguration section */
		BD32782828E57AC100FD97AF /* Debug */ = {
			isa = XCBuildConfiguration;
			buildSettings = {
				ALWAYS_SEARCH_USER_PATHS = NO;
				CLANG_ANALYZER_NONNULL = YES;
				CLANG_ANALYZER_NUMBER_OBJECT_CONVERSION = YES_AGGRESSIVE;
				CLANG_CXX_LANGUAGE_STANDARD = "gnu++20";
				CLANG_ENABLE_MODULES = YES;
				CLANG_ENABLE_OBJC_ARC = YES;
				CLANG_ENABLE_OBJC_WEAK = YES;
				CLANG_WARN_BLOCK_CAPTURE_AUTORELEASING = YES;
				CLANG_WARN_BOOL_CONVERSION = YES;
				CLANG_WARN_COMMA = YES;
				CLANG_WARN_CONSTANT_CONVERSION = YES;
				CLANG_WARN_DEPRECATED_OBJC_IMPLEMENTATIONS = YES;
				CLANG_WARN_DIRECT_OBJC_ISA_USAGE = YES_ERROR;
				CLANG_WARN_DOCUMENTATION_COMMENTS = YES;
				CLANG_WARN_EMPTY_BODY = YES;
				CLANG_WARN_ENUM_CONVERSION = YES;
				CLANG_WARN_INFINITE_RECURSION = YES;
				CLANG_WARN_INT_CONVERSION = YES;
				CLANG_WARN_NON_LITERAL_NULL_CONVERSION = YES;
				CLANG_WARN_OBJC_IMPLICIT_RETAIN_SELF = YES;
				CLANG_WARN_OBJC_LITERAL_CONVERSION = YES;
				CLANG_WARN_OBJC_ROOT_CLASS = YES_ERROR;
				CLANG_WARN_QUOTED_INCLUDE_IN_FRAMEWORK_HEADER = YES;
				CLANG_WARN_RANGE_LOOP_ANALYSIS = YES;
				CLANG_WARN_STRICT_PROTOTYPES = YES;
				CLANG_WARN_SUSPICIOUS_MOVE = YES;
				CLANG_WARN_UNGUARDED_AVAILABILITY = YES_AGGRESSIVE;
				CLANG_WARN_UNREACHABLE_CODE = YES;
				CLANG_WARN__DUPLICATE_METHOD_MATCH = YES;
				COPY_PHASE_STRIP = NO;
				DEBUG_INFORMATION_FORMAT = dwarf;
				ENABLE_STRICT_OBJC_MSGSEND = YES;
				ENABLE_TESTABILITY = YES;
				GCC_C_LANGUAGE_STANDARD = gnu11;
				GCC_DYNAMIC_NO_PIC = NO;
				GCC_NO_COMMON_BLOCKS = YES;
				GCC_OPTIMIZATION_LEVEL = 0;
				GCC_PREPROCESSOR_DEFINITIONS = (
					"DEBUG=1",
					"$(inherited)",
				);
				GCC_WARN_64_TO_32_BIT_CONVERSION = YES;
				GCC_WARN_ABOUT_RETURN_TYPE = YES_ERROR;
				GCC_WARN_UNDECLARED_SELECTOR = YES;
				GCC_WARN_UNINITIALIZED_AUTOS = YES_AGGRESSIVE;
				GCC_WARN_UNUSED_FUNCTION = YES;
				GCC_WARN_UNUSED_VARIABLE = YES;
				IPHONEOS_DEPLOYMENT_TARGET = 13.0;
				MTL_ENABLE_DEBUG_INFO = INCLUDE_SOURCE;
				MTL_FAST_MATH = YES;
				ONLY_ACTIVE_ARCH = YES;
				SDKROOT = iphoneos;
				SWIFT_ACTIVE_COMPILATION_CONDITIONS = DEBUG;
				SWIFT_OPTIMIZATION_LEVEL = "-Onone";
			};
			name = Debug;
		};
		BD32782928E57AC100FD97AF /* Release */ = {
			isa = XCBuildConfiguration;
			buildSettings = {
				ALWAYS_SEARCH_USER_PATHS = NO;
				CLANG_ANALYZER_NONNULL = YES;
				CLANG_ANALYZER_NUMBER_OBJECT_CONVERSION = YES_AGGRESSIVE;
				CLANG_CXX_LANGUAGE_STANDARD = "gnu++20";
				CLANG_ENABLE_MODULES = YES;
				CLANG_ENABLE_OBJC_ARC = YES;
				CLANG_ENABLE_OBJC_WEAK = YES;
				CLANG_WARN_BLOCK_CAPTURE_AUTORELEASING = YES;
				CLANG_WARN_BOOL_CONVERSION = YES;
				CLANG_WARN_COMMA = YES;
				CLANG_WARN_CONSTANT_CONVERSION = YES;
				CLANG_WARN_DEPRECATED_OBJC_IMPLEMENTATIONS = YES;
				CLANG_WARN_DIRECT_OBJC_ISA_USAGE = YES_ERROR;
				CLANG_WARN_DOCUMENTATION_COMMENTS = YES;
				CLANG_WARN_EMPTY_BODY = YES;
				CLANG_WARN_ENUM_CONVERSION = YES;
				CLANG_WARN_INFINITE_RECURSION = YES;
				CLANG_WARN_INT_CONVERSION = YES;
				CLANG_WARN_NON_LITERAL_NULL_CONVERSION = YES;
				CLANG_WARN_OBJC_IMPLICIT_RETAIN_SELF = YES;
				CLANG_WARN_OBJC_LITERAL_CONVERSION = YES;
				CLANG_WARN_OBJC_ROOT_CLASS = YES_ERROR;
				CLANG_WARN_QUOTED_INCLUDE_IN_FRAMEWORK_HEADER = YES;
				CLANG_WARN_RANGE_LOOP_ANALYSIS = YES;
				CLANG_WARN_STRICT_PROTOTYPES = YES;
				CLANG_WARN_SUSPICIOUS_MOVE = YES;
				CLANG_WARN_UNGUARDED_AVAILABILITY = YES_AGGRESSIVE;
				CLANG_WARN_UNREACHABLE_CODE = YES;
				CLANG_WARN__DUPLICATE_METHOD_MATCH = YES;
				COPY_PHASE_STRIP = NO;
				DEBUG_INFORMATION_FORMAT = "dwarf-with-dsym";
				ENABLE_NS_ASSERTIONS = NO;
				ENABLE_STRICT_OBJC_MSGSEND = YES;
				GCC_C_LANGUAGE_STANDARD = gnu11;
				GCC_NO_COMMON_BLOCKS = YES;
				GCC_WARN_64_TO_32_BIT_CONVERSION = YES;
				GCC_WARN_ABOUT_RETURN_TYPE = YES_ERROR;
				GCC_WARN_UNDECLARED_SELECTOR = YES;
				GCC_WARN_UNINITIALIZED_AUTOS = YES_AGGRESSIVE;
				GCC_WARN_UNUSED_FUNCTION = YES;
				GCC_WARN_UNUSED_VARIABLE = YES;
				IPHONEOS_DEPLOYMENT_TARGET = 13.0;
				MTL_ENABLE_DEBUG_INFO = NO;
				MTL_FAST_MATH = YES;
				SDKROOT = iphoneos;
				SWIFT_COMPILATION_MODE = wholemodule;
				SWIFT_OPTIMIZATION_LEVEL = "-O";
				VALIDATE_PRODUCT = YES;
			};
			name = Release;
		};
		BD32782B28E57AC100FD97AF /* Debug */ = {
			isa = XCBuildConfiguration;
			baseConfigurationReference = 9DE6678A222429D40ACEDB6B /* Pods-CITest.debug.xcconfig */;
			buildSettings = {
				ASSETCATALOG_COMPILER_APPICON_NAME = AppIcon;
				ASSETCATALOG_COMPILER_GLOBAL_ACCENT_COLOR_NAME = AccentColor;
				CODE_SIGN_STYLE = Automatic;
				CURRENT_PROJECT_VERSION = 1;
				DEVELOPMENT_TEAM = YT86278469;
				GENERATE_INFOPLIST_FILE = YES;
				INFOPLIST_FILE = CITest/Info.plist;
				INFOPLIST_KEY_UIApplicationSupportsIndirectInputEvents = YES;
				INFOPLIST_KEY_UILaunchStoryboardName = LaunchScreen;
				INFOPLIST_KEY_UIMainStoryboardFile = Main;
				INFOPLIST_KEY_UISupportedInterfaceOrientations_iPad = "UIInterfaceOrientationPortrait UIInterfaceOrientationPortraitUpsideDown UIInterfaceOrientationLandscapeLeft UIInterfaceOrientationLandscapeRight";
				INFOPLIST_KEY_UISupportedInterfaceOrientations_iPhone = "UIInterfaceOrientationPortrait UIInterfaceOrientationLandscapeLeft UIInterfaceOrientationLandscapeRight";
				LD_RUNPATH_SEARCH_PATHS = (
					"$(inherited)",
					"@executable_path/Frameworks",
				);
				MARKETING_VERSION = 1.0;
				PRODUCT_BUNDLE_IDENTIFIER = com.company.CITest;
				PRODUCT_NAME = "$(TARGET_NAME)";
				SWIFT_EMIT_LOC_STRINGS = YES;
				SWIFT_VERSION = 5.0;
				TARGETED_DEVICE_FAMILY = "1,2";
			};
			name = Debug;
		};
		BD32782C28E57AC100FD97AF /* Release */ = {
			isa = XCBuildConfiguration;
			baseConfigurationReference = 6D2D9F5B8DE458C99C2903C7 /* Pods-CITest.release.xcconfig */;
			buildSettings = {
				ASSETCATALOG_COMPILER_APPICON_NAME = AppIcon;
				ASSETCATALOG_COMPILER_GLOBAL_ACCENT_COLOR_NAME = AccentColor;
				CODE_SIGN_STYLE = Automatic;
				CURRENT_PROJECT_VERSION = 1;
				DEVELOPMENT_TEAM = YT86278469;
				GENERATE_INFOPLIST_FILE = YES;
				INFOPLIST_FILE = CITest/Info.plist;
				INFOPLIST_KEY_UIApplicationSupportsIndirectInputEvents = YES;
				INFOPLIST_KEY_UILaunchStoryboardName = LaunchScreen;
				INFOPLIST_KEY_UIMainStoryboardFile = Main;
				INFOPLIST_KEY_UISupportedInterfaceOrientations_iPad = "UIInterfaceOrientationPortrait UIInterfaceOrientationPortraitUpsideDown UIInterfaceOrientationLandscapeLeft UIInterfaceOrientationLandscapeRight";
				INFOPLIST_KEY_UISupportedInterfaceOrientations_iPhone = "UIInterfaceOrientationPortrait UIInterfaceOrientationLandscapeLeft UIInterfaceOrientationLandscapeRight";
				LD_RUNPATH_SEARCH_PATHS = (
					"$(inherited)",
					"@executable_path/Frameworks",
				);
				MARKETING_VERSION = 1.0;
				PRODUCT_BUNDLE_IDENTIFIER = com.company.CITest;
				PRODUCT_NAME = "$(TARGET_NAME)";
				SWIFT_EMIT_LOC_STRINGS = YES;
				SWIFT_VERSION = 5.0;
				TARGETED_DEVICE_FAMILY = "1,2";
			};
			name = Release;
		};
		BD821F4428EEC4AC00E7E0AF /* Debug */ = {
			isa = XCBuildConfiguration;
			buildSettings = {
				BUNDLE_LOADER = "$(TEST_HOST)";
				CODE_SIGN_STYLE = Automatic;
				CURRENT_PROJECT_VERSION = 1;
				DEVELOPMENT_TEAM = YT86278469;
				GENERATE_INFOPLIST_FILE = YES;
				IPHONEOS_DEPLOYMENT_TARGET = 16.0;
				MACOSX_DEPLOYMENT_TARGET = 12.3;
				MARKETING_VERSION = 1.0;
				PRODUCT_BUNDLE_IDENTIFIER = com.company.CITestTests;
				PRODUCT_NAME = "$(TARGET_NAME)";
				SDKROOT = auto;
				SUPPORTED_PLATFORMS = "iphoneos iphonesimulator macosx";
				SWIFT_EMIT_LOC_STRINGS = NO;
				SWIFT_VERSION = 5.0;
				TARGETED_DEVICE_FAMILY = "1,2";
				TEST_HOST = "$(BUILT_PRODUCTS_DIR)/CITest.app/$(BUNDLE_EXECUTABLE_FOLDER_PATH)/CITest";
			};
			name = Debug;
		};
		BD821F4528EEC4AC00E7E0AF /* Release */ = {
			isa = XCBuildConfiguration;
			buildSettings = {
				BUNDLE_LOADER = "$(TEST_HOST)";
				CODE_SIGN_STYLE = Automatic;
				CURRENT_PROJECT_VERSION = 1;
				DEVELOPMENT_TEAM = YT86278469;
				GENERATE_INFOPLIST_FILE = YES;
				IPHONEOS_DEPLOYMENT_TARGET = 16.0;
				MACOSX_DEPLOYMENT_TARGET = 12.3;
				MARKETING_VERSION = 1.0;
				PRODUCT_BUNDLE_IDENTIFIER = com.company.CITestTests;
				PRODUCT_NAME = "$(TARGET_NAME)";
				SDKROOT = auto;
				SUPPORTED_PLATFORMS = "iphoneos iphonesimulator macosx";
				SWIFT_EMIT_LOC_STRINGS = NO;
				SWIFT_VERSION = 5.0;
				TARGETED_DEVICE_FAMILY = "1,2";
				TEST_HOST = "$(BUILT_PRODUCTS_DIR)/CITest.app/$(BUNDLE_EXECUTABLE_FOLDER_PATH)/CITest";
			};
			name = Release;
		};
/* End XCBuildConfiguration section */

/* Begin XCConfigurationList section */
		BD32781128E57AC000FD97AF /* Build configuration list for PBXProject "CITest" */ = {
			isa = XCConfigurationList;
			buildConfigurations = (
				BD32782828E57AC100FD97AF /* Debug */,
				BD32782928E57AC100FD97AF /* Release */,
			);
			defaultConfigurationIsVisible = 0;
			defaultConfigurationName = Release;
		};
		BD32782A28E57AC100FD97AF /* Build configuration list for PBXNativeTarget "CITest" */ = {
			isa = XCConfigurationList;
			buildConfigurations = (
				BD32782B28E57AC100FD97AF /* Debug */,
				BD32782C28E57AC100FD97AF /* Release */,
			);
			defaultConfigurationIsVisible = 0;
			defaultConfigurationName = Release;
		};
		BD821F4628EEC4AC00E7E0AF /* Build configuration list for PBXNativeTarget "CITestTests" */ = {
			isa = XCConfigurationList;
			buildConfigurations = (
				BD821F4428EEC4AC00E7E0AF /* Debug */,
				BD821F4528EEC4AC00E7E0AF /* Release */,
			);
			defaultConfigurationIsVisible = 0;
			defaultConfigurationName = Release;
		};
/* End XCConfigurationList section */
	};
	rootObject = BD32780E28E57AC000FD97AF /* Project object */;
}
